
Microsoft Visual Studio Solution File, Format Version 12.00
# Visual Studio Version 16
VisualStudioVersion = 16.6.30114.105
MinimumVisualStudioVersion = 10.0.40219.1
Project("{FAE04EC0-301F-11D3-BF4B-00C04F79EFBC}") = "API", "API\API.csproj", "{5FD36634-37D4-417D-94B5-AEE991D31838}"
EndProject
Project("{FAE04EC0-301F-11D3-BF4B-00C04F79EFBC}") = "Application", "Application\Application.csproj", "{7EC90972-CEF3-4097-B88D-8ED5270C4D21}"
EndProject
Project("{FAE04EC0-301F-11D3-BF4B-00C04F79EFBC}") = "Persistence", "Persistence\Persistence.csproj", "{39AC8129-D51B-42FE-B02B-635A38CC3EE1}"
EndProject
Project("{FAE04EC0-301F-11D3-BF4B-00C04F79EFBC}") = "Domain", "Domain\Domain.csproj", "{FB2087E5-22B7-4670-AB44-4C04DD9B5FD7}"
EndProject
Global
	GlobalSection(SolutionConfigurationPlatforms) = preSolution
		Debug|Any CPU = Debug|Any CPU
		Debug|x64 = Debug|x64
		Debug|x86 = Debug|x86
		Release|Any CPU = Release|Any CPU
		Release|x64 = Release|x64
		Release|x86 = Release|x86
	EndGlobalSection
	GlobalSection(SolutionProperties) = preSolution
		HideSolutionNode = FALSE
	EndGlobalSection
	GlobalSection(ProjectConfigurationPlatforms) = postSolution
		{5FD36634-37D4-417D-94B5-AEE991D31838}.Debug|Any CPU.ActiveCfg = Debug|Any CPU
		{5FD36634-37D4-417D-94B5-AEE991D31838}.Debug|Any CPU.Build.0 = Debug|Any CPU
		{5FD36634-37D4-417D-94B5-AEE991D31838}.Debug|x64.ActiveCfg = Debug|Any CPU
		{5FD36634-37D4-417D-94B5-AEE991D31838}.Debug|x64.Build.0 = Debug|Any CPU
		{5FD36634-37D4-417D-94B5-AEE991D31838}.Debug|x86.ActiveCfg = Debug|Any CPU
		{5FD36634-37D4-417D-94B5-AEE991D31838}.Debug|x86.Build.0 = Debug|Any CPU
		{5FD36634-37D4-417D-94B5-AEE991D31838}.Release|Any CPU.ActiveCfg = Release|Any CPU
		{5FD36634-37D4-417D-94B5-AEE991D31838}.Release|Any CPU.Build.0 = Release|Any CPU
		{5FD36634-37D4-417D-94B5-AEE991D31838}.Release|x64.ActiveCfg = Release|Any CPU
		{5FD36634-37D4-417D-94B5-AEE991D31838}.Release|x64.Build.0 = Release|Any CPU
		{5FD36634-37D4-417D-94B5-AEE991D31838}.Release|x86.ActiveCfg = Release|Any CPU
		{5FD36634-37D4-417D-94B5-AEE991D31838}.Release|x86.Build.0 = Release|Any CPU
		{7EC90972-CEF3-4097-B88D-8ED5270C4D21}.Debug|Any CPU.ActiveCfg = Debug|Any CPU
		{7EC90972-CEF3-4097-B88D-8ED5270C4D21}.Debug|Any CPU.Build.0 = Debug|Any CPU
		{7EC90972-CEF3-4097-B88D-8ED5270C4D21}.Debug|x64.ActiveCfg = Debug|Any CPU
		{7EC90972-CEF3-4097-B88D-8ED5270C4D21}.Debug|x64.Build.0 = Debug|Any CPU
		{7EC90972-CEF3-4097-B88D-8ED5270C4D21}.Debug|x86.ActiveCfg = Debug|Any CPU
		{7EC90972-CEF3-4097-B88D-8ED5270C4D21}.Debug|x86.Build.0 = Debug|Any CPU
		{7EC90972-CEF3-4097-B88D-8ED5270C4D21}.Release|Any CPU.ActiveCfg = Release|Any CPU
		{7EC90972-CEF3-4097-B88D-8ED5270C4D21}.Release|Any CPU.Build.0 = Release|Any CPU
		{7EC90972-CEF3-4097-B88D-8ED5270C4D21}.Release|x64.ActiveCfg = Release|Any CPU
		{7EC90972-CEF3-4097-B88D-8ED5270C4D21}.Release|x64.Build.0 = Release|Any CPU
		{7EC90972-CEF3-4097-B88D-8ED5270C4D21}.Release|x86.ActiveCfg = Release|Any CPU
		{7EC90972-CEF3-4097-B88D-8ED5270C4D21}.Release|x86.Build.0 = Release|Any CPU
		{39AC8129-D51B-42FE-B02B-635A38CC3EE1}.Debug|Any CPU.ActiveCfg = Debug|Any CPU
		{39AC8129-D51B-42FE-B02B-635A38CC3EE1}.Debug|Any CPU.Build.0 = Debug|Any CPU
		{39AC8129-D51B-42FE-B02B-635A38CC3EE1}.Debug|x64.ActiveCfg = Debug|Any CPU
		{39AC8129-D51B-42FE-B02B-635A38CC3EE1}.Debug|x64.Build.0 = Debug|Any CPU
		{39AC8129-D51B-42FE-B02B-635A38CC3EE1}.Debug|x86.ActiveCfg = Debug|Any CPU
		{39AC8129-D51B-42FE-B02B-635A38CC3EE1}.Debug|x86.Build.0 = Debug|Any CPU
		{39AC8129-D51B-42FE-B02B-635A38CC3EE1}.Release|Any CPU.ActiveCfg = Release|Any CPU
		{39AC8129-D51B-42FE-B02B-635A38CC3EE1}.Release|Any CPU.Build.0 = Release|Any CPU
		{39AC8129-D51B-42FE-B02B-635A38CC3EE1}.Release|x64.ActiveCfg = Release|Any CPU
		{39AC8129-D51B-42FE-B02B-635A38CC3EE1}.Release|x64.Build.0 = Release|Any CPU
		{39AC8129-D51B-42FE-B02B-635A38CC3EE1}.Release|x86.ActiveCfg = Release|Any CPU
		{39AC8129-D51B-42FE-B02B-635A38CC3EE1}.Release|x86.Build.0 = Release|Any CPU
		{FB2087E5-22B7-4670-AB44-4C04DD9B5FD7}.Debug|Any CPU.ActiveCfg = Debug|Any CPU
		{FB2087E5-22B7-4670-AB44-4C04DD9B5FD7}.Debug|Any CPU.Build.0 = Debug|Any CPU
		{FB2087E5-22B7-4670-AB44-4C04DD9B5FD7}.Debug|x64.ActiveCfg = Debug|Any CPU
		{FB2087E5-22B7-4670-AB44-4C04DD9B5FD7}.Debug|x64.Build.0 = Debug|Any CPU
		{FB2087E5-22B7-4670-AB44-4C04DD9B5FD7}.Debug|x86.ActiveCfg = Debug|Any CPU
		{FB2087E5-22B7-4670-AB44-4C04DD9B5FD7}.Debug|x86.Build.0 = Debug|Any CPU
		{FB2087E5-22B7-4670-AB44-4C04DD9B5FD7}.Release|Any CPU.ActiveCfg = Release|Any CPU
		{FB2087E5-22B7-4670-AB44-4C04DD9B5FD7}.Release|Any CPU.Build.0 = Release|Any CPU
		{FB2087E5-22B7-4670-AB44-4C04DD9B5FD7}.Release|x64.ActiveCfg = Release|Any CPU
		{FB2087E5-22B7-4670-AB44-4C04DD9B5FD7}.Release|x64.Build.0 = Release|Any CPU
		{FB2087E5-22B7-4670-AB44-4C04DD9B5FD7}.Release|x86.ActiveCfg = Release|Any CPU
		{FB2087E5-22B7-4670-AB44-4C04DD9B5FD7}.Release|x86.Build.0 = Release|Any CPU
	EndGlobalSection
EndGlobal
